PATH
  remote: ../../../build/sdk/ruby
  specs:
    lem_sdk (0.1.0)
      faraday (>= 1.0.1, < 3.0)
      faraday-multipart
      marcel

GEM
  remote: https://rubygems.org/
  specs:
    base64 (0.3.0)
    faraday (2.8.1)
      base64
      faraday-net_http (>= 2.0, < 3.1)
      ruby2_keywords (>= 0.0.4)
    faraday-multipart (1.2.0)
      multipart-post (~> 2.0)
    faraday-net_http (3.0.2)
    marcel (1.2.1)
    multipart-post (2.4.1)
    ruby2_keywords (0.0.5)

PLATFORMS
  ruby

DEPENDENCIES
  lem_sdk!

BUNDLED WITH
   1.17.2
